
Microsoft Visual Studio Solution File, Format Version 12.00
# Visual Studio Version 16
VisualStudioVersion = 16.0.28407.52
MinimumVisualStudioVersion = 10.0.40219.1
Project("{FAE04EC0-301F-11D3-BF4B-00C04F79EFBC}") = "wcv", "wcv\wcv.csproj", "{1C14DD61-4D59-4D47-AC41-BB54A8924300}"
EndProject
Project("{8BC9CEB8-8B4A-11D0-8D11-00A0C91BC942}") = "libwcv", "libwcv\libwcv.vcxproj", "{E1AEF4C4-6622-4BCA-8997-6D23E18C9EFB}"
EndProject
Project("{8BC9CEB8-8B4A-11D0-8D11-00A0C91BC942}") = "capp", "capp\capp.vcxproj", "{FCDFD01A-1AD7-42B5-BD04-9136E3CEC6AD}"
EndProject
Project("{8BC9CEB8-8B4A-11D0-8D11-00A0C91BC942}") = "cv", "cv\cv.vcxproj", "{3444B18F-D3AB-42B2-9522-8EE349E8FF5B}"
EndProject
Project("{FAE04EC0-301F-11D3-BF4B-00C04F79EFBC}") = "wpfcv", "wpfcv\wpfcv.csproj", "{83989A4F-7CEB-4515-8AD2-CA386824264E}"
EndProject
Project("{FAE04EC0-301F-11D3-BF4B-00C04F79EFBC}") = "wcvlib.net", "wcvlib\wcvlib.net.csproj", "{E769C220-BFE0-4B88-A737-AE0D7F10E041}"
EndProject
Global
	GlobalSection(SolutionConfigurationPlatforms) = preSolution
		Debug|Any CPU = Debug|Any CPU
		Debug|x64 = Debug|x64
		Debug|x86 = Debug|x86
		Release|Any CPU = Release|Any CPU
		Release|x64 = Release|x64
		Release|x86 = Release|x86
	EndGlobalSection
	GlobalSection(ProjectConfigurationPlatforms) = postSolution
		{1C14DD61-4D59-4D47-AC41-BB54A8924300}.Debug|Any CPU.ActiveCfg = Debug|Any CPU
		{1C14DD61-4D59-4D47-AC41-BB54A8924300}.Debug|Any CPU.Build.0 = Debug|Any CPU
		{1C14DD61-4D59-4D47-AC41-BB54A8924300}.Debug|x64.ActiveCfg = Debug|Any CPU
		{1C14DD61-4D59-4D47-AC41-BB54A8924300}.Debug|x64.Build.0 = Debug|Any CPU
		{1C14DD61-4D59-4D47-AC41-BB54A8924300}.Debug|x86.ActiveCfg = Debug|Any CPU
		{1C14DD61-4D59-4D47-AC41-BB54A8924300}.Debug|x86.Build.0 = Debug|Any CPU
		{1C14DD61-4D59-4D47-AC41-BB54A8924300}.Release|Any CPU.ActiveCfg = Release|Any CPU
		{1C14DD61-4D59-4D47-AC41-BB54A8924300}.Release|Any CPU.Build.0 = Release|Any CPU
		{1C14DD61-4D59-4D47-AC41-BB54A8924300}.Release|x64.ActiveCfg = Release|Any CPU
		{1C14DD61-4D59-4D47-AC41-BB54A8924300}.Release|x64.Build.0 = Release|Any CPU
		{1C14DD61-4D59-4D47-AC41-BB54A8924300}.Release|x86.ActiveCfg = Release|Any CPU
		{1C14DD61-4D59-4D47-AC41-BB54A8924300}.Release|x86.Build.0 = Release|Any CPU
		{E1AEF4C4-6622-4BCA-8997-6D23E18C9EFB}.Debug|Any CPU.ActiveCfg = Debug|Win32
		{E1AEF4C4-6622-4BCA-8997-6D23E18C9EFB}.Debug|x64.ActiveCfg = Debug|x64
		{E1AEF4C4-6622-4BCA-8997-6D23E18C9EFB}.Debug|x64.Build.0 = Debug|x64
		{E1AEF4C4-6622-4BCA-8997-6D23E18C9EFB}.Debug|x86.ActiveCfg = Debug|Win32
		{E1AEF4C4-6622-4BCA-8997-6D23E18C9EFB}.Debug|x86.Build.0 = Debug|Win32
		{E1AEF4C4-6622-4BCA-8997-6D23E18C9EFB}.Release|Any CPU.ActiveCfg = Release|Win32
		{E1AEF4C4-6622-4BCA-8997-6D23E18C9EFB}.Release|x64.ActiveCfg = Release|x64
		{E1AEF4C4-6622-4BCA-8997-6D23E18C9EFB}.Release|x64.Build.0 = Release|x64
		{E1AEF4C4-6622-4BCA-8997-6D23E18C9EFB}.Release|x86.ActiveCfg = Release|Win32
		{E1AEF4C4-6622-4BCA-8997-6D23E18C9EFB}.Release|x86.Build.0 = Release|Win32
		{FCDFD01A-1AD7-42B5-BD04-9136E3CEC6AD}.Debug|Any CPU.ActiveCfg = Debug|Win32
		{FCDFD01A-1AD7-42B5-BD04-9136E3CEC6AD}.Debug|x64.ActiveCfg = Debug|x64
		{FCDFD01A-1AD7-42B5-BD04-9136E3CEC6AD}.Debug|x64.Build.0 = Debug|x64
		{FCDFD01A-1AD7-42B5-BD04-9136E3CEC6AD}.Debug|x86.ActiveCfg = Debug|Win32
		{FCDFD01A-1AD7-42B5-BD04-9136E3CEC6AD}.Debug|x86.Build.0 = Debug|Win32
		{FCDFD01A-1AD7-42B5-BD04-9136E3CEC6AD}.Release|Any CPU.ActiveCfg = Release|Win32
		{FCDFD01A-1AD7-42B5-BD04-9136E3CEC6AD}.Release|x64.ActiveCfg = Release|x64
		{FCDFD01A-1AD7-42B5-BD04-9136E3CEC6AD}.Release|x64.Build.0 = Release|x64
		{FCDFD01A-1AD7-42B5-BD04-9136E3CEC6AD}.Release|x86.ActiveCfg = Release|Win32
		{FCDFD01A-1AD7-42B5-BD04-9136E3CEC6AD}.Release|x86.Build.0 = Release|Win32
		{3444B18F-D3AB-42B2-9522-8EE349E8FF5B}.Debug|Any CPU.ActiveCfg = Debug|Win32
		{3444B18F-D3AB-42B2-9522-8EE349E8FF5B}.Debug|x64.ActiveCfg = Debug|x64
		{3444B18F-D3AB-42B2-9522-8EE349E8FF5B}.Debug|x64.Build.0 = Debug|x64
		{3444B18F-D3AB-42B2-9522-8EE349E8FF5B}.Debug|x86.ActiveCfg = Debug|Win32
		{3444B18F-D3AB-42B2-9522-8EE349E8FF5B}.Debug|x86.Build.0 = Debug|Win32
		{3444B18F-D3AB-42B2-9522-8EE349E8FF5B}.Release|Any CPU.ActiveCfg = Release|Win32
		{3444B18F-D3AB-42B2-9522-8EE349E8FF5B}.Release|x64.ActiveCfg = Release|x64
		{3444B18F-D3AB-42B2-9522-8EE349E8FF5B}.Release|x64.Build.0 = Release|x64
		{3444B18F-D3AB-42B2-9522-8EE349E8FF5B}.Release|x86.ActiveCfg = Release|Win32
		{3444B18F-D3AB-42B2-9522-8EE349E8FF5B}.Release|x86.Build.0 = Release|Win32
		{83989A4F-7CEB-4515-8AD2-CA386824264E}.Debug|Any CPU.ActiveCfg = Debug|Any CPU
		{83989A4F-7CEB-4515-8AD2-CA386824264E}.Debug|Any CPU.Build.0 = Debug|Any CPU
		{83989A4F-7CEB-4515-8AD2-CA386824264E}.Debug|x64.ActiveCfg = Debug|Any CPU
		{83989A4F-7CEB-4515-8AD2-CA386824264E}.Debug|x64.Build.0 = Debug|Any CPU
		{83989A4F-7CEB-4515-8AD2-CA386824264E}.Debug|x86.ActiveCfg = Debug|Any CPU
		{83989A4F-7CEB-4515-8AD2-CA386824264E}.Debug|x86.Build.0 = Debug|Any CPU
		{83989A4F-7CEB-4515-8AD2-CA386824264E}.Release|Any CPU.ActiveCfg = Release|Any CPU
		{83989A4F-7CEB-4515-8AD2-CA386824264E}.Release|Any CPU.Build.0 = Release|Any CPU
		{83989A4F-7CEB-4515-8AD2-CA386824264E}.Release|x64.ActiveCfg = Release|Any CPU
		{83989A4F-7CEB-4515-8AD2-CA386824264E}.Release|x64.Build.0 = Release|Any CPU
		{83989A4F-7CEB-4515-8AD2-CA386824264E}.Release|x86.ActiveCfg = Release|Any CPU
		{83989A4F-7CEB-4515-8AD2-CA386824264E}.Release|x86.Build.0 = Release|Any CPU
		{E769C220-BFE0-4B88-A737-AE0D7F10E041}.Debug|Any CPU.ActiveCfg = Debug|Any CPU
		{E769C220-BFE0-4B88-A737-AE0D7F10E041}.Debug|Any CPU.Build.0 = Debug|Any CPU
		{E769C220-BFE0-4B88-A737-AE0D7F10E041}.Debug|x64.ActiveCfg = Debug|Any CPU
		{E769C220-BFE0-4B88-A737-AE0D7F10E041}.Debug|x64.Build.0 = Debug|Any CPU
		{E769C220-BFE0-4B88-A737-AE0D7F10E041}.Debug|x86.ActiveCfg = Debug|Any CPU
		{E769C220-BFE0-4B88-A737-AE0D7F10E041}.Debug|x86.Build.0 = Debug|Any CPU
		{E769C220-BFE0-4B88-A737-AE0D7F10E041}.Release|Any CPU.ActiveCfg = Release|Any CPU
		{E769C220-BFE0-4B88-A737-AE0D7F10E041}.Release|Any CPU.Build.0 = Release|Any CPU
		{E769C220-BFE0-4B88-A737-AE0D7F10E041}.Release|x64.ActiveCfg = Release|Any CPU
		{E769C220-BFE0-4B88-A737-AE0D7F10E041}.Release|x64.Build.0 = Release|Any CPU
		{E769C220-BFE0-4B88-A737-AE0D7F10E041}.Release|x86.ActiveCfg = Release|Any CPU
		{E769C220-BFE0-4B88-A737-AE0D7F10E041}.Release|x86.Build.0 = Release|Any CPU
	EndGlobalSection
	GlobalSection(SolutionProperties) = preSolution
		HideSolutionNode = FALSE
	EndGlobalSection
	GlobalSection(ExtensibilityGlobals) = postSolution
		SolutionGuid = {E9A91B90-4043-4B96-A820-06CDA1814760}
	EndGlobalSection
EndGlobal
